
Microsoft Visual Studio Solution File, Format Version 12.00
# Visual Studio Version 17
VisualStudioVersion = 17.4.33110.190
MinimumVisualStudioVersion = 10.0.40219.1
Project("{FAE04EC0-301F-11D3-BF4B-00C04F79EFBC}") = "Devicesinfo", "Devicesinfo.csproj", "{36A9340B-1A99-4DF1-B0D6-6A5FC359721E}"
EndProject
Global
	GlobalSection(SolutionConfigurationPlatforms) = preSolution
		Debug|Any CPU = Debug|Any CPU
		Release|Any CPU = Release|Any CPU
	EndGlobalSection
	GlobalSection(ProjectConfigurationPlatforms) = postSolution
		{36A9340B-1A99-4DF1-B0D6-6A5FC359721E}.Debug|Any CPU.ActiveCfg = Debug|Any CPU
		{36A9340B-1A99-4DF1-B0D6-6A5FC359721E}.Debug|Any CPU.Build.0 = Debug|Any CPU
		{36A9340B-1A99-4DF1-B0D6-6A5FC359721E}.Release|Any CPU.ActiveCfg = Release|Any CPU
		{36A9340B-1A99-4DF1-B0D6-6A5FC359721E}.Release|Any CPU.Build.0 = Release|Any CPU
	EndGlobalSection
	GlobalSection(SolutionProperties) = preSolution
		HideSolutionNode = FALSE
	EndGlobalSection
	GlobalSection(ExtensibilityGlobals) = postSolution
		SolutionGuid = {1AB1863E-78D7-44B1-A2CC-20AD65BD9C04}
	EndGlobalSection
EndGlobal
